// !$*UTF8*$!
{
	archiveVersion = 1;
	classes = {
	};
	objectVersion = 46;
	objects = {

/* Begin PBXBuildFile section */
		0F8C2006183447F5003F246D /* Cocoa.framework in Frameworks */ = {isa = PBXBuildFile; fileRef = 0F8C2005183447F5003F246D /* Cocoa.framework */; };
		0F8C2010183447F5003F246D /* InfoPlist.strings in Resources */ = {isa = PBXBuildFile; fileRef = 0F8C200E183447F5003F246D /* InfoPlist.strings */; };
		0F8C2012183447F5003F246D /* main.m in Sources */ = {isa = PBXBuildFile; fileRef = 0F8C2011183447F5003F246D /* main.m */; };
		0F8C2016183447F5003F246D /* Credits.rtf in Resources */ = {isa = PBXBuildFile; fileRef = 0F8C2014183447F5003F246D /* Credits.rtf */; };
		0F8C2019183447F5003F246D /* CropperAppDelegate.m in Sources */ = {isa = PBXBuildFile; fileRef = 0F8C2018183447F5003F246D /* CropperAppDelegate.m */; };
		0F8C201C183447F5003F246D /* MainMenu.xib in Resources */ = {isa = PBXBuildFile; fileRef = 0F8C201A183447F5003F246D /* MainMenu.xib */; };
		0F8C201E183447F5003F246D /* Images.xcassets in Resources */ = {isa = PBXBuildFile; fileRef = 0F8C201D183447F5003F246D /* Images.xcassets */; };
		0F8C203B1834486E003F246D /* CropperGLView.mm in Sources */ = {isa = PBXBuildFile; fileRef = 0F8C203A1834486E003F246D /* CropperGLView.mm */; };
		0F9440001834790A00C5FCA7 /* OpenGL.framework in Frameworks */ = {isa = PBXBuildFile; fileRef = 0F943FFF1834790A00C5FCA7 /* OpenGL.framework */; };
		0F9440021834791200C5FCA7 /* CoreVideo.framework in Frameworks */ = {isa = PBXBuildFile; fileRef = 0F9440011834791200C5FCA7 /* CoreVideo.framework */; };
		0F94402718349EA600C5FCA7 /* Syphon.framework in Frameworks */ = {isa = PBXBuildFile; fileRef = 0F94402618349E8600C5FCA7 /* Syphon.framework */; };
		0FB9D6FB1838635A00206B6D /* glv_buttons.cpp in Sources */ = {isa = PBXBuildFile; fileRef = 0FB9D6E61838635A00206B6D /* glv_buttons.cpp */; };
		0FB9D6FC1838635A00206B6D /* glv_color.cpp in Sources */ = {isa = PBXBuildFile; fileRef = 0FB9D6E71838635A00206B6D /* glv_color.cpp */; };
		0FB9D6FD1838635A00206B6D /* glv_color_controls.cpp in Sources */ = {isa = PBXBuildFile; fileRef = 0FB9D6E81838635A00206B6D /* glv_color_controls.cpp */; };
		0FB9D6FE1838635A00206B6D /* glv_core.cpp in Sources */ = {isa = PBXBuildFile; fileRef = 0FB9D6E91838635A00206B6D /* glv_core.cpp */; };
		0FB9D6FF1838635A00206B6D /* glv_draw.cpp in Sources */ = {isa = PBXBuildFile; fileRef = 0FB9D6EA1838635A00206B6D /* glv_draw.cpp */; };
		0FB9D7001838635A00206B6D /* glv_font.cpp in Sources */ = {isa = PBXBuildFile; fileRef = 0FB9D6EB1838635A00206B6D /* glv_font.cpp */; };
		0FB9D7011838635A00206B6D /* glv_glv.cpp in Sources */ = {isa = PBXBuildFile; fileRef = 0FB9D6EC1838635A00206B6D /* glv_glv.cpp */; };
		0FB9D7021838635A00206B6D /* glv_grid.cpp in Sources */ = {isa = PBXBuildFile; fileRef = 0FB9D6ED1838635A00206B6D /* glv_grid.cpp */; };
		0FB9D7031838635A00206B6D /* glv_inputdevice.cpp in Sources */ = {isa = PBXBuildFile; fileRef = 0FB9D6EE1838635A00206B6D /* glv_inputdevice.cpp */; };
		0FB9D7041838635A00206B6D /* glv_layout.cpp in Sources */ = {isa = PBXBuildFile; fileRef = 0FB9D6EF1838635A00206B6D /* glv_layout.cpp */; };
		0FB9D7051838635A00206B6D /* glv_model.cpp in Sources */ = {isa = PBXBuildFile; fileRef = 0FB9D6F01838635A00206B6D /* glv_model.cpp */; };
		0FB9D7061838635A00206B6D /* glv_notification.cpp in Sources */ = {isa = PBXBuildFile; fileRef = 0FB9D6F11838635A00206B6D /* glv_notification.cpp */; };
		0FB9D7071838635A00206B6D /* glv_plots.cpp in Sources */ = {isa = PBXBuildFile; fileRef = 0FB9D6F21838635A00206B6D /* glv_plots.cpp */; };
		0FB9D7081838635A00206B6D /* glv_preset_controls.cpp in Sources */ = {isa = PBXBuildFile; fileRef = 0FB9D6F31838635A00206B6D /* glv_preset_controls.cpp */; };
		0FB9D7091838635A00206B6D /* glv_sliders.cpp in Sources */ = {isa = PBXBuildFile; fileRef = 0FB9D6F41838635A00206B6D /* glv_sliders.cpp */; };
		0FB9D70A1838635A00206B6D /* glv_sono.cpp in Sources */ = {isa = PBXBuildFile; fileRef = 0FB9D6F51838635A00206B6D /* glv_sono.cpp */; };
		0FB9D70B1838635A00206B6D /* glv_texture.cpp in Sources */ = {isa = PBXBuildFile; fileRef = 0FB9D6F61838635A00206B6D /* glv_texture.cpp */; };
		0FB9D70C1838635A00206B6D /* glv_textview.cpp in Sources */ = {isa = PBXBuildFile; fileRef = 0FB9D6F71838635A00206B6D /* glv_textview.cpp */; };
		0FB9D70D1838635A00206B6D /* glv_view.cpp in Sources */ = {isa = PBXBuildFile; fileRef = 0FB9D6F81838635A00206B6D /* glv_view.cpp */; };
		0FB9D70E1838635A00206B6D /* glv_view3D.cpp in Sources */ = {isa = PBXBuildFile; fileRef = 0FB9D6F91838635A00206B6D /* glv_view3D.cpp */; };
		0FB9D70F1838635A00206B6D /* glv_widget.cpp in Sources */ = {isa = PBXBuildFile; fileRef = 0FB9D6FA1838635A00206B6D /* glv_widget.cpp */; };
		0FB9D71B1838796500206B6D /* CropperWindow.xib in Resources */ = {isa = PBXBuildFile; fileRef = 0FB9D71A1838796500206B6D /* CropperWindow.xib */; };
		0FDEC1011834B3B20045B12C /* Syphon.framework in CopyFiles */ = {isa = PBXBuildFile; fileRef = 0F94402618349E8600C5FCA7 /* Syphon.framework */; };
/* End PBXBuildFile section */

/* Begin PBXContainerItemProxy section */
		0F94402518349E8600C5FCA7 /* PBXContainerItemProxy */ = {
			isa = PBXContainerItemProxy;
			containerPortal = 0F94402018349E8600C5FCA7 /* Syphon.xcodeproj */;
			proxyType = 2;
			remoteGlobalIDString = 8DC2EF5B0486A6940098B216;
			remoteInfo = Syphon;
		};
/* End PBXContainerItemProxy section */

/* Begin PBXCopyFilesBuildPhase section */
		0FDEC1001834B3A40045B12C /* CopyFiles */ = {
			isa = PBXCopyFilesBuildPhase;
			buildActionMask = 2147483647;
			dstPath = "";
			dstSubfolderSpec = 10;
			files = (
				0FDEC1011834B3B20045B12C /* Syphon.framework in CopyFiles */,
			);
			runOnlyForDeploymentPostprocessing = 0;
		};
/* End PBXCopyFilesBuildPhase section */

/* Begin PBXFileReference section */
		0F8C2002183447F5003F246D /* Cropper.app */ = {isa = PBXFileReference; explicitFileType = wrapper.application; includeInIndex = 0; path = Cropper.app; sourceTree = BUILT_PRODUCTS_DIR; };
		0F8C2005183447F5003F246D /* Cocoa.framework */ = {isa = PBXFileReference; lastKnownFileType = wrapper.framework; name = Cocoa.framework; path = System/Library/Frameworks/Cocoa.framework; sourceTree = SDKROOT; };
		0F8C2008183447F5003F246D /* AppKit.framework */ = {isa = PBXFileReference; lastKnownFileType = wrapper.framework; name = AppKit.framework; path = System/Library/Frameworks/AppKit.framework; sourceTree = SDKROOT; };
		0F8C2009183447F5003F246D /* CoreData.framework */ = {isa = PBXFileReference; lastKnownFileType = wrapper.framework; name = CoreData.framework; path = System/Library/Frameworks/CoreData.framework; sourceTree = SDKROOT; };
		0F8C200A183447F5003F246D /* Foundation.framework */ = {isa = PBXFileReference; lastKnownFileType = wrapper.framework; name = Foundation.framework; path = System/Library/Frameworks/Foundation.framework; sourceTree = SDKROOT; };
		0F8C200D183447F5003F246D /* Cropper-Info.plist */ = {isa = PBXFileReference; lastKnownFileType = text.plist.xml; path = "Cropper-Info.plist"; sourceTree = "<group>"; };
		0F8C200F183447F5003F246D /* en */ = {isa = PBXFileReference; lastKnownFileType = text.plist.strings; name = en; path = en.lproj/InfoPlist.strings; sourceTree = "<group>"; };
		0F8C2011183447F5003F246D /* main.m */ = {isa = PBXFileReference; lastKnownFileType = sourcecode.c.objc; path = main.m; sourceTree = "<group>"; };
		0F8C2013183447F5003F246D /* Cropper-Prefix.pch */ = {isa = PBXFileReference; lastKnownFileType = sourcecode.c.h; path = "Cropper-Prefix.pch"; sourceTree = "<group>"; };
		0F8C2015183447F5003F246D /* en */ = {isa = PBXFileReference; lastKnownFileType = text.rtf; name = en; path = en.lproj/Credits.rtf; sourceTree = "<group>"; };
		0F8C2017183447F5003F246D /* CropperAppDelegate.h */ = {isa = PBXFileReference; lastKnownFileType = sourcecode.c.h; path = CropperAppDelegate.h; sourceTree = "<group>"; };
		0F8C2018183447F5003F246D /* CropperAppDelegate.m */ = {isa = PBXFileReference; lastKnownFileType = sourcecode.c.objc; path = CropperAppDelegate.m; sourceTree = "<group>"; };
		0F8C201B183447F5003F246D /* Base */ = {isa = PBXFileReference; lastKnownFileType = file.xib; name = Base; path = Base.lproj/MainMenu.xib; sourceTree = "<group>"; };
		0F8C201D183447F5003F246D /* Images.xcassets */ = {isa = PBXFileReference; lastKnownFileType = folder.assetcatalog; path = Images.xcassets; sourceTree = "<group>"; };
		0F8C2024183447F5003F246D /* XCTest.framework */ = {isa = PBXFileReference; lastKnownFileType = wrapper.framework; name = XCTest.framework; path = Library/Frameworks/XCTest.framework; sourceTree = DEVELOPER_DIR; };
		0F8C20391834486E003F246D /* CropperGLView.h */ = {isa = PBXFileReference; fileEncoding = 4; lastKnownFileType = sourcecode.c.h; path = CropperGLView.h; sourceTree = "<group>"; };
		0F8C203A1834486E003F246D /* CropperGLView.mm */ = {isa = PBXFileReference; fileEncoding = 4; lastKnownFileType = sourcecode.cpp.objcpp; path = CropperGLView.mm; sourceTree = "<group>"; };
		0F943FFF1834790A00C5FCA7 /* OpenGL.framework */ = {isa = PBXFileReference; lastKnownFileType = wrapper.framework; name = OpenGL.framework; path = System/Library/Frameworks/OpenGL.framework; sourceTree = SDKROOT; };
		0F9440011834791200C5FCA7 /* CoreVideo.framework */ = {isa = PBXFileReference; lastKnownFileType = wrapper.framework; name = CoreVideo.framework; path = System/Library/Frameworks/CoreVideo.framework; sourceTree = SDKROOT; };
		0F94402018349E8600C5FCA7 /* Syphon.xcodeproj */ = {isa = PBXFileReference; lastKnownFileType = "wrapper.pb-project"; name = Syphon.xcodeproj; path = "../Syphon-Framework/Syphon.xcodeproj"; sourceTree = "<group>"; };
		0FB9D6CD1838635A00206B6D /* glv.h */ = {isa = PBXFileReference; fileEncoding = 4; lastKnownFileType = sourcecode.c.h; path = glv.h; sourceTree = "<group>"; };
		0FB9D6CE1838635A00206B6D /* glv_behavior.h */ = {isa = PBXFileReference; fileEncoding = 4; lastKnownFileType = sourcecode.c.h; path = glv_behavior.h; sourceTree = "<group>"; };
		0FB9D6CF1838635A00206B6D /* glv_buttons.h */ = {isa = PBXFileReference; fileEncoding = 4; lastKnownFileType = sourcecode.c.h; path = glv_buttons.h; sourceTree = "<group>"; };
		0FB9D6D01838635A00206B6D /* glv_color.h */ = {isa = PBXFileReference; fileEncoding = 4; lastKnownFileType = sourcecode.c.h; path = glv_color.h; sourceTree = "<group>"; };
		0FB9D6D11838635A00206B6D /* glv_color_controls.h */ = {isa = PBXFileReference; fileEncoding = 4; lastKnownFileType = sourcecode.c.h; path = glv_color_controls.h; sourceTree = "<group>"; };
		0FB9D6D21838635A00206B6D /* glv_conf.h */ = {isa = PBXFileReference; fileEncoding = 4; lastKnownFileType = sourcecode.c.h; path = glv_conf.h; sourceTree = "<group>"; };
		0FB9D6D31838635A00206B6D /* glv_core.h */ = {isa = PBXFileReference; fileEncoding = 4; lastKnownFileType = sourcecode.c.h; path = glv_core.h; sourceTree = "<group>"; };
		0FB9D6D41838635A00206B6D /* glv_draw.h */ = {isa = PBXFileReference; fileEncoding = 4; lastKnownFileType = sourcecode.c.h; path = glv_draw.h; sourceTree = "<group>"; };
		0FB9D6D51838635A00206B6D /* glv_font.h */ = {isa = PBXFileReference; fileEncoding = 4; lastKnownFileType = sourcecode.c.h; path = glv_font.h; sourceTree = "<group>"; };
		0FB9D6D61838635A00206B6D /* glv_grid.h */ = {isa = PBXFileReference; fileEncoding = 4; lastKnownFileType = sourcecode.c.h; path = glv_grid.h; sourceTree = "<group>"; };
		0FB9D6D71838635A00206B6D /* glv_icon.h */ = {isa = PBXFileReference; fileEncoding = 4; lastKnownFileType = sourcecode.c.h; path = glv_icon.h; sourceTree = "<group>"; };
		0FB9D6D81838635A00206B6D /* glv_layout.h */ = {isa = PBXFileReference; fileEncoding = 4; lastKnownFileType = sourcecode.c.h; path = glv_layout.h; sourceTree = "<group>"; };
		0FB9D6D91838635A00206B6D /* glv_model.h */ = {isa = PBXFileReference; fileEncoding = 4; lastKnownFileType = sourcecode.c.h; path = glv_model.h; sourceTree = "<group>"; };
		0FB9D6DA1838635A00206B6D /* glv_notification.h */ = {isa = PBXFileReference; fileEncoding = 4; lastKnownFileType = sourcecode.c.h; path = glv_notification.h; sourceTree = "<group>"; };
		0FB9D6DB1838635A00206B6D /* glv_plots.h */ = {isa = PBXFileReference; fileEncoding = 4; lastKnownFileType = sourcecode.c.h; path = glv_plots.h; sourceTree = "<group>"; };
		0FB9D6DC1838635A00206B6D /* glv_preset_controls.h */ = {isa = PBXFileReference; fileEncoding = 4; lastKnownFileType = sourcecode.c.h; path = glv_preset_controls.h; sourceTree = "<group>"; };
		0FB9D6DD1838635A00206B6D /* glv_rect.h */ = {isa = PBXFileReference; fileEncoding = 4; lastKnownFileType = sourcecode.c.h; path = glv_rect.h; sourceTree = "<group>"; };
		0FB9D6DE1838635A00206B6D /* glv_sliders.h */ = {isa = PBXFileReference; fileEncoding = 4; lastKnownFileType = sourcecode.c.h; path = glv_sliders.h; sourceTree = "<group>"; };
		0FB9D6DF1838635A00206B6D /* glv_sono.h */ = {isa = PBXFileReference; fileEncoding = 4; lastKnownFileType = sourcecode.c.h; path = glv_sono.h; sourceTree = "<group>"; };
		0FB9D6E01838635A00206B6D /* glv_texture.h */ = {isa = PBXFileReference; fileEncoding = 4; lastKnownFileType = sourcecode.c.h; path = glv_texture.h; sourceTree = "<group>"; };
		0FB9D6E11838635A00206B6D /* glv_textview.h */ = {isa = PBXFileReference; fileEncoding = 4; lastKnownFileType = sourcecode.c.h; path = glv_textview.h; sourceTree = "<group>"; };
		0FB9D6E21838635A00206B6D /* glv_util.h */ = {isa = PBXFileReference; fileEncoding = 4; lastKnownFileType = sourcecode.c.h; path = glv_util.h; sourceTree = "<group>"; };
		0FB9D6E31838635A00206B6D /* glv_view3D.h */ = {isa = PBXFileReference; fileEncoding = 4; lastKnownFileType = sourcecode.c.h; path = glv_view3D.h; sourceTree = "<group>"; };
		0FB9D6E41838635A00206B6D /* glv_widget.h */ = {isa = PBXFileReference; fileEncoding = 4; lastKnownFileType = sourcecode.c.h; path = glv_widget.h; sourceTree = "<group>"; };
		0FB9D6E61838635A00206B6D /* glv_buttons.cpp */ = {isa = PBXFileReference; fileEncoding = 4; lastKnownFileType = sourcecode.cpp.cpp; path = glv_buttons.cpp; sourceTree = "<group>"; };
		0FB9D6E71838635A00206B6D /* glv_color.cpp */ = {isa = PBXFileReference; fileEncoding = 4; lastKnownFileType = sourcecode.cpp.cpp; path = glv_color.cpp; sourceTree = "<group>"; };
		0FB9D6E81838635A00206B6D /* glv_color_controls.cpp */ = {isa = PBXFileReference; fileEncoding = 4; lastKnownFileType = sourcecode.cpp.cpp; path = glv_color_controls.cpp; sourceTree = "<group>"; };
		0FB9D6E91838635A00206B6D /* glv_core.cpp */ = {isa = PBXFileReference; fileEncoding = 4; lastKnownFileType = sourcecode.cpp.cpp; path = glv_core.cpp; sourceTree = "<group>"; };
		0FB9D6EA1838635A00206B6D /* glv_draw.cpp */ = {isa = PBXFileReference; fileEncoding = 4; lastKnownFileType = sourcecode.cpp.cpp; path = glv_draw.cpp; sourceTree = "<group>"; };
		0FB9D6EB1838635A00206B6D /* glv_font.cpp */ = {isa = PBXFileReference; fileEncoding = 4; lastKnownFileType = sourcecode.cpp.cpp; path = glv_font.cpp; sourceTree = "<group>"; };
		0FB9D6EC1838635A00206B6D /* glv_glv.cpp */ = {isa = PBXFileReference; fileEncoding = 4; lastKnownFileType = sourcecode.cpp.cpp; path = glv_glv.cpp; sourceTree = "<group>"; };
		0FB9D6ED1838635A00206B6D /* glv_grid.cpp */ = {isa = PBXFileReference; fileEncoding = 4; lastKnownFileType = sourcecode.cpp.cpp; path = glv_grid.cpp; sourceTree = "<group>"; };
		0FB9D6EE1838635A00206B6D /* glv_inputdevice.cpp */ = {isa = PBXFileReference; fileEncoding = 4; lastKnownFileType = sourcecode.cpp.cpp; path = glv_inputdevice.cpp; sourceTree = "<group>"; };
		0FB9D6EF1838635A00206B6D /* glv_layout.cpp */ = {isa = PBXFileReference; fileEncoding = 4; lastKnownFileType = sourcecode.cpp.cpp; path = glv_layout.cpp; sourceTree = "<group>"; };
		0FB9D6F01838635A00206B6D /* glv_model.cpp */ = {isa = PBXFileReference; fileEncoding = 4; lastKnownFileType = sourcecode.cpp.cpp; path = glv_model.cpp; sourceTree = "<group>"; };
		0FB9D6F11838635A00206B6D /* glv_notification.cpp */ = {isa = PBXFileReference; fileEncoding = 4; lastKnownFileType = sourcecode.cpp.cpp; path = glv_notification.cpp; sourceTree = "<group>"; };
		0FB9D6F21838635A00206B6D /* glv_plots.cpp */ = {isa = PBXFileReference; fileEncoding = 4; lastKnownFileType = sourcecode.cpp.cpp; path = glv_plots.cpp; sourceTree = "<group>"; };
		0FB9D6F31838635A00206B6D /* glv_preset_controls.cpp */ = {isa = PBXFileReference; fileEncoding = 4; lastKnownFileType = sourcecode.cpp.cpp; path = glv_preset_controls.cpp; sourceTree = "<group>"; };
		0FB9D6F41838635A00206B6D /* glv_sliders.cpp */ = {isa = PBXFileReference; fileEncoding = 4; lastKnownFileType = sourcecode.cpp.cpp; path = glv_sliders.cpp; sourceTree = "<group>"; };
		0FB9D6F51838635A00206B6D /* glv_sono.cpp */ = {isa = PBXFileReference; fileEncoding = 4; lastKnownFileType = sourcecode.cpp.cpp; path = glv_sono.cpp; sourceTree = "<group>"; };
		0FB9D6F61838635A00206B6D /* glv_texture.cpp */ = {isa = PBXFileReference; fileEncoding = 4; lastKnownFileType = sourcecode.cpp.cpp; path = glv_texture.cpp; sourceTree = "<group>"; };
		0FB9D6F71838635A00206B6D /* glv_textview.cpp */ = {isa = PBXFileReference; fileEncoding = 4; lastKnownFileType = sourcecode.cpp.cpp; path = glv_textview.cpp; sourceTree = "<group>"; };
		0FB9D6F81838635A00206B6D /* glv_view.cpp */ = {isa = PBXFileReference; fileEncoding = 4; lastKnownFileType = sourcecode.cpp.cpp; path = glv_view.cpp; sourceTree = "<group>"; };
		0FB9D6F91838635A00206B6D /* glv_view3D.cpp */ = {isa = PBXFileReference; fileEncoding = 4; lastKnownFileType = sourcecode.cpp.cpp; path = glv_view3D.cpp; sourceTree = "<group>"; };
		0FB9D6FA1838635A00206B6D /* glv_widget.cpp */ = {isa = PBXFileReference; fileEncoding = 4; lastKnownFileType = sourcecode.cpp.cpp; path = glv_widget.cpp; sourceTree = "<group>"; };
		0FB9D71A1838796500206B6D /* CropperWindow.xib */ = {isa = PBXFileReference; fileEncoding = 4; lastKnownFileType = file.xib; path = CropperWindow.xib; sourceTree = "<group>"; };
		0FB9D7211839B14300206B6D /* SyphonClientGLV.h */ = {isa = PBXFileReference; lastKnownFileType = sourcecode.c.h; path = SyphonClientGLV.h; sourceTree = "<group>"; };
/* End PBXFileReference section */

/* Begin PBXFrameworksBuildPhase section */
		0F8C1FFF183447F5003F246D /* Frameworks */ = {
			isa = PBXFrameworksBuildPhase;
			buildActionMask = 2147483647;
			files = (
				0F94402718349EA600C5FCA7 /* Syphon.framework in Frameworks */,
				0F9440021834791200C5FCA7 /* CoreVideo.framework in Frameworks */,
				0F9440001834790A00C5FCA7 /* OpenGL.framework in Frameworks */,
				0F8C2006183447F5003F246D /* Cocoa.framework in Frameworks */,
			);
			runOnlyForDeploymentPostprocessing = 0;
		};
/* End PBXFrameworksBuildPhase section */

/* Begin PBXGroup section */
		0F8C1FF9183447F5003F246D = {
			isa = PBXGroup;
			children = (
				0F94402018349E8600C5FCA7 /* Syphon.xcodeproj */,
				0FB9D6CC1838635A00206B6D /* GLV */,
				0F8C200B183447F5003F246D /* Cropper */,
				0F8C2004183447F5003F246D /* Frameworks */,
				0F8C2003183447F5003F246D /* Products */,
			);
			sourceTree = "<group>";
		};
		0F8C2003183447F5003F246D /* Products */ = {
			isa = PBXGroup;
			children = (
				0F8C2002183447F5003F246D /* Cropper.app */,
			);
			name = Products;
			sourceTree = "<group>";
		};
		0F8C2004183447F5003F246D /* Frameworks */ = {
			isa = PBXGroup;
			children = (
				0F9440011834791200C5FCA7 /* CoreVideo.framework */,
				0F943FFF1834790A00C5FCA7 /* OpenGL.framework */,
				0F8C2005183447F5003F246D /* Cocoa.framework */,
				0F8C2024183447F5003F246D /* XCTest.framework */,
				0F8C2007183447F5003F246D /* Other Frameworks */,
			);
			name = Frameworks;
			sourceTree = "<group>";
		};
		0F8C2007183447F5003F246D /* Other Frameworks */ = {
			isa = PBXGroup;
			children = (
				0F8C2008183447F5003F246D /* AppKit.framework */,
				0F8C2009183447F5003F246D /* CoreData.framework */,
				0F8C200A183447F5003F246D /* Foundation.framework */,
			);
			name = "Other Frameworks";
			sourceTree = "<group>";
		};
		0F8C200B183447F5003F246D /* Cropper */ = {
			isa = PBXGroup;
			children = (
				0F8C2017183447F5003F246D /* CropperAppDelegate.h */,
				0F8C2018183447F5003F246D /* CropperAppDelegate.m */,
				0F8C20391834486E003F246D /* CropperGLView.h */,
				0F8C203A1834486E003F246D /* CropperGLView.mm */,
				0FB9D7211839B14300206B6D /* SyphonClientGLV.h */,
				0FB9D71A1838796500206B6D /* CropperWindow.xib */,
				0F8C201A183447F5003F246D /* MainMenu.xib */,
				0F8C201D183447F5003F246D /* Images.xcassets */,
				0F8C200C183447F5003F246D /* Supporting Files */,
			);
			path = Cropper;
			sourceTree = "<group>";
		};
		0F8C200C183447F5003F246D /* Supporting Files */ = {
			isa = PBXGroup;
			children = (
				0F8C200D183447F5003F246D /* Cropper-Info.plist */,
				0F8C200E183447F5003F246D /* InfoPlist.strings */,
				0F8C2011183447F5003F246D /* main.m */,
				0F8C2013183447F5003F246D /* Cropper-Prefix.pch */,
				0F8C2014183447F5003F246D /* Credits.rtf */,
			);
			name = "Supporting Files";
			sourceTree = "<group>";
		};
		0F94402118349E8600C5FCA7 /* Products */ = {
			isa = PBXGroup;
			children = (
				0F94402618349E8600C5FCA7 /* Syphon.framework */,
			);
			name = Products;
			sourceTree = "<group>";
		};
		0FB9D6CC1838635A00206B6D /* GLV */ = {
			isa = PBXGroup;
			children = (
				0FB9D6CD1838635A00206B6D /* glv.h */,
				0FB9D6CE1838635A00206B6D /* glv_behavior.h */,
				0FB9D6CF1838635A00206B6D /* glv_buttons.h */,
				0FB9D6D01838635A00206B6D /* glv_color.h */,
				0FB9D6D11838635A00206B6D /* glv_color_controls.h */,
				0FB9D6D21838635A00206B6D /* glv_conf.h */,
				0FB9D6D31838635A00206B6D /* glv_core.h */,
				0FB9D6D41838635A00206B6D /* glv_draw.h */,
				0FB9D6D51838635A00206B6D /* glv_font.h */,
				0FB9D6D61838635A00206B6D /* glv_grid.h */,
				0FB9D6D71838635A00206B6D /* glv_icon.h */,
				0FB9D6D81838635A00206B6D /* glv_layout.h */,
				0FB9D6D91838635A00206B6D /* glv_model.h */,
				0FB9D6DA1838635A00206B6D /* glv_notification.h */,
				0FB9D6DB1838635A00206B6D /* glv_plots.h */,
				0FB9D6DC1838635A00206B6D /* glv_preset_controls.h */,
				0FB9D6DD1838635A00206B6D /* glv_rect.h */,
				0FB9D6DE1838635A00206B6D /* glv_sliders.h */,
				0FB9D6DF1838635A00206B6D /* glv_sono.h */,
				0FB9D6E01838635A00206B6D /* glv_texture.h */,
				0FB9D6E11838635A00206B6D /* glv_textview.h */,
				0FB9D6E21838635A00206B6D /* glv_util.h */,
				0FB9D6E31838635A00206B6D /* glv_view3D.h */,
				0FB9D6E41838635A00206B6D /* glv_widget.h */,
				0FB9D6E51838635A00206B6D /* src */,
			);
			name = GLV;
			path = Cropper/GLV;
			sourceTree = "<group>";
		};
		0FB9D6E51838635A00206B6D /* src */ = {
			isa = PBXGroup;
			children = (
				0FB9D6E61838635A00206B6D /* glv_buttons.cpp */,
				0FB9D6E71838635A00206B6D /* glv_color.cpp */,
				0FB9D6E81838635A00206B6D /* glv_color_controls.cpp */,
				0FB9D6E91838635A00206B6D /* glv_core.cpp */,
				0FB9D6EA1838635A00206B6D /* glv_draw.cpp */,
				0FB9D6EB1838635A00206B6D /* glv_font.cpp */,
				0FB9D6EC1838635A00206B6D /* glv_glv.cpp */,
				0FB9D6ED1838635A00206B6D /* glv_grid.cpp */,
				0FB9D6EE1838635A00206B6D /* glv_inputdevice.cpp */,
				0FB9D6EF1838635A00206B6D /* glv_layout.cpp */,
				0FB9D6F01838635A00206B6D /* glv_model.cpp */,
				0FB9D6F11838635A00206B6D /* glv_notification.cpp */,
				0FB9D6F21838635A00206B6D /* glv_plots.cpp */,
				0FB9D6F31838635A00206B6D /* glv_preset_controls.cpp */,
				0FB9D6F41838635A00206B6D /* glv_sliders.cpp */,
				0FB9D6F51838635A00206B6D /* glv_sono.cpp */,
				0FB9D6F61838635A00206B6D /* glv_texture.cpp */,
				0FB9D6F71838635A00206B6D /* glv_textview.cpp */,
				0FB9D6F81838635A00206B6D /* glv_view.cpp */,
				0FB9D6F91838635A00206B6D /* glv_view3D.cpp */,
				0FB9D6FA1838635A00206B6D /* glv_widget.cpp */,
			);
			path = src;
			sourceTree = "<group>";
		};
/* End PBXGroup section */

/* Begin PBXNativeTarget section */
		0F8C2001183447F5003F246D /* Cropper */ = {
			isa = PBXNativeTarget;
			buildConfigurationList = 0F8C2033183447F5003F246D /* Build configuration list for PBXNativeTarget "Cropper" */;
			buildPhases = (
				0F8C1FFE183447F5003F246D /* Sources */,
				0F8C1FFF183447F5003F246D /* Frameworks */,
				0F8C2000183447F5003F246D /* Resources */,
				0FDEC1001834B3A40045B12C /* CopyFiles */,
			);
			buildRules = (
			);
			dependencies = (
			);
			name = Cropper;
			productName = Cropper;
			productReference = 0F8C2002183447F5003F246D /* Cropper.app */;
			productType = "com.apple.product-type.application";
		};
/* End PBXNativeTarget section */

/* Begin PBXProject section */
		0F8C1FFA183447F5003F246D /* Project object */ = {
			isa = PBXProject;
			attributes = {
				CLASSPREFIX = Cropper;
				LastUpgradeCheck = 0500;
				ORGANIZATIONNAME = "Keijiro Takahashi";
			};
			buildConfigurationList = 0F8C1FFD183447F5003F246D /* Build configuration list for PBXProject "Cropper" */;
			compatibilityVersion = "Xcode 3.2";
			developmentRegion = English;
			hasScannedForEncodings = 0;
			knownRegions = (
				en,
				Base,
			);
			mainGroup = 0F8C1FF9183447F5003F246D;
			productRefGroup = 0F8C2003183447F5003F246D /* Products */;
			projectDirPath = "";
			projectReferences = (
				{
					ProductGroup = 0F94402118349E8600C5FCA7 /* Products */;
					ProjectRef = 0F94402018349E8600C5FCA7 /* Syphon.xcodeproj */;
				},
			);
			projectRoot = "";
			targets = (
				0F8C2001183447F5003F246D /* Cropper */,
			);
		};
/* End PBXProject section */

/* Begin PBXReferenceProxy section */
		0F94402618349E8600C5FCA7 /* Syphon.framework */ = {
			isa = PBXReferenceProxy;
			fileType = wrapper.framework;
			path = Syphon.framework;
			remoteRef = 0F94402518349E8600C5FCA7 /* PBXContainerItemProxy */;
			sourceTree = BUILT_PRODUCTS_DIR;
		};
/* End PBXReferenceProxy section */

/* Begin PBXResourcesBuildPhase section */
		0F8C2000183447F5003F246D /* Resources */ = {
			isa = PBXResourcesBuildPhase;
			buildActionMask = 2147483647;
			files = (
				0F8C2010183447F5003F246D /* InfoPlist.strings in Resources */,
				0FB9D71B1838796500206B6D /* CropperWindow.xib in Resources */,
				0F8C201E183447F5003F246D /* Images.xcassets in Resources */,
				0F8C2016183447F5003F246D /* Credits.rtf in Resources */,
				0F8C201C183447F5003F246D /* MainMenu.xib in Resources */,
			);
			runOnlyForDeploymentPostprocessing = 0;
		};
/* End PBXResourcesBuildPhase section */

/* Begin PBXSourcesBuildPhase section */
		0F8C1FFE183447F5003F246D /* Sources */ = {
			isa = PBXSourcesBuildPhase;
			buildActionMask = 2147483647;
			files = (
				0FB9D7011838635A00206B6D /* glv_glv.cpp in Sources */,
				0FB9D70E1838635A00206B6D /* glv_view3D.cpp in Sources */,
				0FB9D70C1838635A00206B6D /* glv_textview.cpp in Sources */,
				0F8C203B1834486E003F246D /* CropperGLView.mm in Sources */,
				0FB9D70D1838635A00206B6D /* glv_view.cpp in Sources */,
				0FB9D7031838635A00206B6D /* glv_inputdevice.cpp in Sources */,
				0FB9D70F1838635A00206B6D /* glv_widget.cpp in Sources */,
				0F8C2019183447F5003F246D /* CropperAppDelegate.m in Sources */,
				0FB9D7081838635A00206B6D /* glv_preset_controls.cpp in Sources */,
				0FB9D7091838635A00206B6D /* glv_sliders.cpp in Sources */,
				0FB9D7061838635A00206B6D /* glv_notification.cpp in Sources */,
				0FB9D70B1838635A00206B6D /* glv_texture.cpp in Sources */,
				0FB9D7021838635A00206B6D /* glv_grid.cpp in Sources */,
				0FB9D70A1838635A00206B6D /* glv_sono.cpp in Sources */,
				0FB9D6FD1838635A00206B6D /* glv_color_controls.cpp in Sources */,
				0FB9D7051838635A00206B6D /* glv_model.cpp in Sources */,
				0F8C2012183447F5003F246D /* main.m in Sources */,
				0FB9D7041838635A00206B6D /* glv_layout.cpp in Sources */,
				0FB9D6FF1838635A00206B6D /* glv_draw.cpp in Sources */,
				0FB9D6FC1838635A00206B6D /* glv_color.cpp in Sources */,
				0FB9D7001838635A00206B6D /* glv_font.cpp in Sources */,
				0FB9D7071838635A00206B6D /* glv_plots.cpp in Sources */,
				0FB9D6FB1838635A00206B6D /* glv_buttons.cpp in Sources */,
				0FB9D6FE1838635A00206B6D /* glv_core.cpp in Sources */,
			);
			runOnlyForDeploymentPostprocessing = 0;
		};
/* End PBXSourcesBuildPhase section */

/* Begin PBXVariantGroup section */
		0F8C200E183447F5003F246D /* InfoPlist.strings */ = {
			isa = PBXVariantGroup;
			children = (
				0F8C200F183447F5003F246D /* en */,
			);
			name = InfoPlist.strings;
			sourceTree = "<group>";
		};
		0F8C2014183447F5003F246D /* Credits.rtf */ = {
			isa = PBXVariantGroup;
			children = (
				0F8C2015183447F5003F246D /* en */,
			);
			name = Credits.rtf;
			sourceTree = "<group>";
		};
		0F8C201A183447F5003F246D /* MainMenu.xib */ = {
			isa = PBXVariantGroup;
			children = (
				0F8C201B183447F5003F246D /* Base */,
			);
			name = MainMenu.xib;
			sourceTree = "<group>";
		};
/* End PBXVariantGroup section */

/* Begin XCBuildConfiguration section */
		0F8C2031183447F5003F246D /* Debug */ = {
			isa = XCBuildConfiguration;
			buildSettings = {
				ALWAYS_SEARCH_USER_PATHS = NO;
				CLANG_CXX_LANGUAGE_STANDARD = "gnu++0x";
				CLANG_CXX_LIBRARY = "libc++";
				CLANG_ENABLE_OBJC_ARC = YES;
				CLANG_WARN_BOOL_CONVERSION = YES;
				CLANG_WARN_CONSTANT_CONVERSION = YES;
				CLANG_WARN_DIRECT_OBJC_ISA_USAGE = YES_ERROR;
				CLANG_WARN_EMPTY_BODY = YES;
				CLANG_WARN_ENUM_CONVERSION = YES;
				CLANG_WARN_INT_CONVERSION = YES;
				CLANG_WARN_OBJC_ROOT_CLASS = YES_ERROR;
				CLANG_WARN__DUPLICATE_METHOD_MATCH = YES;
				COPY_PHASE_STRIP = NO;
				GCC_C_LANGUAGE_STANDARD = gnu99;
				GCC_DYNAMIC_NO_PIC = NO;
				GCC_ENABLE_OBJC_EXCEPTIONS = YES;
				GCC_OPTIMIZATION_LEVEL = 0;
				GCC_PREPROCESSOR_DEFINITIONS = (
					"DEBUG=1",
					"$(inherited)",
				);
				GCC_SYMBOLS_PRIVATE_EXTERN = NO;
				GCC_WARN_64_TO_32_BIT_CONVERSION = YES;
				GCC_WARN_ABOUT_RETURN_TYPE = YES_ERROR;
				GCC_WARN_UNDECLARED_SELECTOR = YES;
				GCC_WARN_UNINITIALIZED_AUTOS = YES;
				GCC_WARN_UNUSED_FUNCTION = YES;
				GCC_WARN_UNUSED_VARIABLE = YES;
				MACOSX_DEPLOYMENT_TARGET = 10.9;
				ONLY_ACTIVE_ARCH = YES;
				SDKROOT = macosx;
			};
			name = Debug;
		};
		0F8C2032183447F5003F246D /* Release */ = {
			isa = XCBuildConfiguration;
			buildSettings = {
				ALWAYS_SEARCH_USER_PATHS = NO;
				CLANG_CXX_LANGUAGE_STANDARD = "gnu++0x";
				CLANG_CXX_LIBRARY = "libc++";
				CLANG_ENABLE_OBJC_ARC = YES;
				CLANG_WARN_BOOL_CONVERSION = YES;
				CLANG_WARN_CONSTANT_CONVERSION = YES;
				CLANG_WARN_DIRECT_OBJC_ISA_USAGE = YES_ERROR;
				CLANG_WARN_EMPTY_BODY = YES;
				CLANG_WARN_ENUM_CONVERSION = YES;
				CLANG_WARN_INT_CONVERSION = YES;
				CLANG_WARN_OBJC_ROOT_CLASS = YES_ERROR;
				CLANG_WARN__DUPLICATE_METHOD_MATCH = YES;
				COPY_PHASE_STRIP = YES;
				DEBUG_INFORMATION_FORMAT = "dwarf-with-dsym";
				ENABLE_NS_ASSERTIONS = NO;
				GCC_C_LANGUAGE_STANDARD = gnu99;
				GCC_ENABLE_OBJC_EXCEPTIONS = YES;
				GCC_WARN_64_TO_32_BIT_CONVERSION = YES;
				GCC_WARN_ABOUT_RETURN_TYPE = YES_ERROR;
				GCC_WARN_UNDECLARED_SELECTOR = YES;
				GCC_WARN_UNINITIALIZED_AUTOS = YES;
				GCC_WARN_UNUSED_FUNCTION = YES;
				GCC_WARN_UNUSED_VARIABLE = YES;
				MACOSX_DEPLOYMENT_TARGET = 10.9;
				SDKROOT = macosx;
			};
			name = Release;
		};
		0F8C2034183447F5003F246D /* Debug */ = {
			isa = XCBuildConfiguration;
			buildSettings = {
				ASSETCATALOG_COMPILER_APPICON_NAME = AppIcon;
				COMBINE_HIDPI_IMAGES = YES;
				GCC_PRECOMPILE_PREFIX_HEADER = YES;
				GCC_PREFIX_HEADER = "Cropper/Cropper-Prefix.pch";
				INFOPLIST_FILE = "Cropper/Cropper-Info.plist";
				PRODUCT_NAME = "$(TARGET_NAME)";
				WRAPPER_EXTENSION = app;
			};
			name = Debug;
		};
		0F8C2035183447F5003F246D /* Release */ = {
			isa = XCBuildConfiguration;
			buildSettings = {
				ASSETCATALOG_COMPILER_APPICON_NAME = AppIcon;
				COMBINE_HIDPI_IMAGES = YES;
				GCC_PRECOMPILE_PREFIX_HEADER = YES;
				GCC_PREFIX_HEADER = "Cropper/Cropper-Prefix.pch";
				INFOPLIST_FILE = "Cropper/Cropper-Info.plist";
				PRODUCT_NAME = "$(TARGET_NAME)";
				WRAPPER_EXTENSION = app;
			};
			name = Release;
		};
/* End XCBuildConfiguration section */

/* Begin XCConfigurationList section */
		0F8C1FFD183447F5003F246D /* Build configuration list for PBXProject "Cropper" */ = {
			isa = XCConfigurationList;
			buildConfigurations = (
				0F8C2031183447F5003F246D /* Debug */,
				0F8C2032183447F5003F246D /* Release */,
			);
			defaultConfigurationIsVisible = 0;
			defaultConfigurationName = Release;
		};
		0F8C2033183447F5003F246D /* Build configuration list for PBXNativeTarget "Cropper" */ = {
			isa = XCConfigurationList;
			buildConfigurations = (
				0F8C2034183447F5003F246D /* Debug */,
				0F8C2035183447F5003F246D /* Release */,
			);
			defaultConfigurationIsVisible = 0;
			defaultConfigurationName = Release;
		};
/* End XCConfigurationList section */
	};
	rootObject = 0F8C1FFA183447F5003F246D /* Project object */;
}
